# THIS IS AN AUTOGENERATED FILE. DO NOT EDIT THIS FILE DIRECTLY.
# yarn lockfile v1


"@prisma/client@4.13.0":
  version "4.13.0"
  resolved "https://registry.yarnpkg.com/@prisma/client/-/client-4.13.0.tgz#271d2b9756503ea17bbdb459c7995536cf2a6191"
  integrity sha512-YaiiICcRB2hatxsbnfB66uWXjcRw3jsZdlAVxmx0cFcTc/Ad/sKdHCcWSnqyDX47vAewkjRFwiLwrOUjswVvmA==
  dependencies:
    "@prisma/engines-version" "4.13.0-50.1e7af066ee9cb95cf3a403c78d9aab3e6b04f37a"

"@prisma/engines-version@4.13.0-50.1e7af066ee9cb95cf3a403c78d9aab3e6b04f37a":
  version "4.13.0-50.1e7af066ee9cb95cf3a403c78d9aab3e6b04f37a"
  resolved "https://registry.yarnpkg.com/@prisma/engines-version/-/engines-version-4.13.0-50.1e7af066ee9cb95cf3a403c78d9aab3e6b04f37a.tgz#ae338908d11685dee50e7683502d75442b955bf9"
  integrity sha512-fsQlbkhPJf08JOzKoyoD9atdUijuGBekwoOPZC3YOygXEml1MTtgXVpnUNchQlRSY82OQ6pSGQ9PxUe4arcSLQ==
